
Microsoft Visual Studio Solution File, Format Version 12.00
# Visual Studio 14
VisualStudioVersion = 14.0.25420.1
MinimumVisualStudioVersion = 10.0.40219.1
Project("{FAE04EC0-301F-11D3-BF4B-00C04F79EFBC}") = "МояПосылка", "МояПосылка\МояПосылка.csproj", "{9F19C3A4-ABB5-44BE-B91F-C8363CCA4A34}"
EndProject
Project("{54435603-DBB4-11D2-8724-00A0C9A8B90C}") = "МояПосылка1", "МояПосылка1\МояПосылка1.vdproj", "{95AA40DE-AE2B-401C-A5A4-101C582DF432}"
EndProject
Global
	GlobalSection(SolutionConfigurationPlatforms) = preSolution
		Debug|Any CPU = Debug|Any CPU
		Release|Any CPU = Release|Any CPU
	EndGlobalSection
	GlobalSection(ProjectConfigurationPlatforms) = postSolution
		{9F19C3A4-ABB5-44BE-B91F-C8363CCA4A34}.Debug|Any CPU.ActiveCfg = Debug|Any CPU
		{9F19C3A4-ABB5-44BE-B91F-C8363CCA4A34}.Debug|Any CPU.Build.0 = Debug|Any CPU
		{9F19C3A4-ABB5-44BE-B91F-C8363CCA4A34}.Release|Any CPU.ActiveCfg = Release|Any CPU
		{9F19C3A4-ABB5-44BE-B91F-C8363CCA4A34}.Release|Any CPU.Build.0 = Release|Any CPU
		{95AA40DE-AE2B-401C-A5A4-101C582DF432}.Debug|Any CPU.ActiveCfg = Debug
		{95AA40DE-AE2B-401C-A5A4-101C582DF432}.Release|Any CPU.ActiveCfg = Release
	EndGlobalSection
	GlobalSection(SolutionProperties) = preSolution
		HideSolutionNode = FALSE
	EndGlobalSection
EndGlobal
